// !$*UTF8*$!
{
	archiveVersion = 1;
	classes = {
	};
	objectVersion = 56;
	objects = {

/* Begin PBXBuildFile section */
		71A6BD322CCBF838008BB9C2 /* vi2_projectApp.swift in Sources */ = {isa = PBXBuildFile; fileRef = 71A6BD312CCBF838008BB9C2 /* vi2_projectApp.swift */; };
		71A6BD342CCBF838008BB9C2 /* ContentView.swift in Sources */ = {isa = PBXBuildFile; fileRef = 71A6BD332CCBF838008BB9C2 /* ContentView.swift */; };
		71A6BD362CCBF839008BB9C2 /* Assets.xcassets in Resources */ = {isa = PBXBuildFile; fileRef = 71A6BD352CCBF839008BB9C2 /* Assets.xcassets */; };
		71A6BD392CCBF839008BB9C2 /* Preview Assets.xcassets in Resources */ = {isa = PBXBuildFile; fileRef = 71A6BD382CCBF839008BB9C2 /* Preview Assets.xcassets */; };
		71A6BD3F2CCBF839008BB9C2 /* vi2_project Watch App.app in Embed Watch Content */ = {isa = PBXBuildFile; fileRef = 71A6BD3E2CCBF839008BB9C2 /* vi2_project Watch App.app */; settings = {ATTRIBUTES = (RemoveHeadersOnCopy, ); }; };
		71A6BD442CCBF839008BB9C2 /* vi2_projectApp.swift in Sources */ = {isa = PBXBuildFile; fileRef = 71A6BD432CCBF839008BB9C2 /* vi2_projectApp.swift */; };
		71A6BD462CCBF839008BB9C2 /* ContentView.swift in Sources */ = {isa = PBXBuildFile; fileRef = 71A6BD452CCBF839008BB9C2 /* ContentView.swift */; };
		71A6BD482CCBF83A008BB9C2 /* Assets.xcassets in Resources */ = {isa = PBXBuildFile; fileRef = 71A6BD472CCBF83A008BB9C2 /* Assets.xcassets */; };
		71A6BD4B2CCBF83A008BB9C2 /* Preview Assets.xcassets in Resources */ = {isa = PBXBuildFile; fileRef = 71A6BD4A2CCBF83A008BB9C2 /* Preview Assets.xcassets */; };
/* End PBXBuildFile section */

/* Begin PBXContainerItemProxy section */
		71A6BD402CCBF839008BB9C2 /* PBXContainerItemProxy */ = {
			isa = PBXContainerItemProxy;
			containerPortal = 71A6BD262CCBF838008BB9C2 /* Project object */;
			proxyType = 1;
			remoteGlobalIDString = 71A6BD3D2CCBF839008BB9C2;
			remoteInfo = "vi2_project Watch App";
		};
/* End PBXContainerItemProxy section */

/* Begin PBXCopyFilesBuildPhase section */
		71A6BD512CCBF83A008BB9C2 /* Embed Watch Content */ = {
			isa = PBXCopyFilesBuildPhase;
			buildActionMask = 2147483647;
			dstPath = "$(CONTENTS_FOLDER_PATH)/Watch";
			dstSubfolderSpec = 16;
			files = (
				71A6BD3F2CCBF839008BB9C2 /* vi2_project Watch App.app in Embed Watch Content */,
			);
			name = "Embed Watch Content";
			runOnlyForDeploymentPostprocessing = 0;
		};
/* End PBXCopyFilesBuildPhase section */

/* Begin PBXFileReference section */
		71A6BD2E2CCBF838008BB9C2 /* vi2_project.app */ = {isa = PBXFileReference; explicitFileType = wrapper.application; includeInIndex = 0; path = vi2_project.app; sourceTree = BUILT_PRODUCTS_DIR; };
		71A6BD312CCBF838008BB9C2 /* vi2_projectApp.swift */ = {isa = PBXFileReference; lastKnownFileType = sourcecode.swift; path = vi2_projectApp.swift; sourceTree = "<group>"; };
		71A6BD332CCBF838008BB9C2 /* ContentView.swift */ = {isa = PBXFileReference; lastKnownFileType = sourcecode.swift; path = ContentView.swift; sourceTree = "<group>"; };
		71A6BD352CCBF839008BB9C2 /* Assets.xcassets */ = {isa = PBXFileReference; lastKnownFileType = folder.assetcatalog; path = Assets.xcassets; sourceTree = "<group>"; };
		71A6BD382CCBF839008BB9C2 /* Preview Assets.xcassets */ = {isa = PBXFileReference; lastKnownFileType = folder.assetcatalog; path = "Preview Assets.xcassets"; sourceTree = "<group>"; };
		71A6BD3E2CCBF839008BB9C2 /* vi2_project Watch App.app */ = {isa = PBXFileReference; explicitFileType = wrapper.application; includeInIndex = 0; path = "vi2_project Watch App.app"; sourceTree = BUILT_PRODUCTS_DIR; };
		71A6BD432CCBF839008BB9C2 /* vi2_projectApp.swift */ = {isa = PBXFileReference; lastKnownFileType = sourcecode.swift; path = vi2_projectApp.swift; sourceTree = "<group>"; };
		71A6BD452CCBF839008BB9C2 /* ContentView.swift */ = {isa = PBXFileReference; lastKnownFileType = sourcecode.swift; path = ContentView.swift; sourceTree = "<group>"; };
		71A6BD472CCBF83A008BB9C2 /* Assets.xcassets */ = {isa = PBXFileReference; lastKnownFileType = folder.assetcatalog; path = Assets.xcassets; sourceTree = "<group>"; };
		71A6BD4A2CCBF83A008BB9C2 /* Preview Assets.xcassets */ = {isa = PBXFileReference; lastKnownFileType = folder.assetcatalog; path = "Preview Assets.xcassets"; sourceTree = "<group>"; };
/* End PBXFileReference section */

/* Begin PBXFrameworksBuildPhase section */
		71A6BD2B2CCBF838008BB9C2 /* Frameworks */ = {
			isa = PBXFrameworksBuildPhase;
			buildActionMask = 2147483647;
			files = (
			);
			runOnlyForDeploymentPostprocessing = 0;
		};
		71A6BD3B2CCBF839008BB9C2 /* Frameworks */ = {
			isa = PBXFrameworksBuildPhase;
			buildActionMask = 2147483647;
			files = (
			);
			runOnlyForDeploymentPostprocessing = 0;
		};
/* End PBXFrameworksBuildPhase section */

/* Begin PBXGroup section */
		71A6BD252CCBF838008BB9C2 = {
			isa = PBXGroup;
			children = (
				71A6BD302CCBF838008BB9C2 /* vi2_project */,
				71A6BD422CCBF839008BB9C2 /* vi2_project Watch App */,
				71A6BD2F2CCBF838008BB9C2 /* Products */,
			);
			sourceTree = "<group>";
		};
		71A6BD2F2CCBF838008BB9C2 /* Products */ = {
			isa = PBXGroup;
			children = (
				71A6BD2E2CCBF838008BB9C2 /* vi2_project.app */,
				71A6BD3E2CCBF839008BB9C2 /* vi2_project Watch App.app */,
			);
			name = Products;
			sourceTree = "<group>";
		};
		71A6BD302CCBF838008BB9C2 /* vi2_project */ = {
			isa = PBXGroup;
			children = (
				71A6BD312CCBF838008BB9C2 /* vi2_projectApp.swift */,
				71A6BD332CCBF838008BB9C2 /* ContentView.swift */,
				71A6BD352CCBF839008BB9C2 /* Assets.xcassets */,
				71A6BD372CCBF839008BB9C2 /* Preview Content */,
			);
			path = vi2_project;
			sourceTree = "<group>";
		};
		71A6BD372CCBF839008BB9C2 /* Preview Content */ = {
			isa = PBXGroup;
			children = (
				71A6BD382CCBF839008BB9C2 /* Preview Assets.xcassets */,
			);
			path = "Preview Content";
			sourceTree = "<group>";
		};
		71A6BD422CCBF839008BB9C2 /* vi2_project Watch App */ = {
			isa = PBXGroup;
			children = (
				71A6BD432CCBF839008BB9C2 /* vi2_projectApp.swift */,
				71A6BD452CCBF839008BB9C2 /* ContentView.swift */,
				71A6BD472CCBF83A008BB9C2 /* Assets.xcassets */,
				71A6BD492CCBF83A008BB9C2 /* Preview Content */,
			);
			path = "vi2_project Watch App";
			sourceTree = "<group>";
		};
		71A6BD492CCBF83A008BB9C2 /* Preview Content */ = {
			isa = PBXGroup;
			children = (
				71A6BD4A2CCBF83A008BB9C2 /* Preview Assets.xcassets */,
			);
			path = "Preview Content";
			sourceTree = "<group>";
		};
/* End PBXGroup section */

/* Begin PBXNativeTarget section */
		71A6BD2D2CCBF838008BB9C2 /* vi2_project */ = {
			isa = PBXNativeTarget;
			buildConfigurationList = 71A6BD522CCBF83A008BB9C2 /* Build configuration list for PBXNativeTarget "vi2_project" */;
			buildPhases = (
				71A6BD2A2CCBF838008BB9C2 /* Sources */,
				71A6BD2B2CCBF838008BB9C2 /* Frameworks */,
				71A6BD2C2CCBF838008BB9C2 /* Resources */,
				71A6BD512CCBF83A008BB9C2 /* Embed Watch Content */,
			);
			buildRules = (
			);
			dependencies = (
				71A6BD412CCBF839008BB9C2 /* PBXTargetDependency */,
			);
			name = vi2_project;
			productName = vi2_project;
			productReference = 71A6BD2E2CCBF838008BB9C2 /* vi2_project.app */;
			productType = "com.apple.product-type.application";
		};
		71A6BD3D2CCBF839008BB9C2 /* vi2_project Watch App */ = {
			isa = PBXNativeTarget;
			buildConfigurationList = 71A6BD4E2CCBF83A008BB9C2 /* Build configuration list for PBXNativeTarget "vi2_project Watch App" */;
			buildPhases = (
				71A6BD3A2CCBF839008BB9C2 /* Sources */,
				71A6BD3B2CCBF839008BB9C2 /* Frameworks */,
				71A6BD3C2CCBF839008BB9C2 /* Resources */,
			);
			buildRules = (
			);
			dependencies = (
			);
			name = "vi2_project Watch App";
			productName = "vi2_project Watch App";
			productReference = 71A6BD3E2CCBF839008BB9C2 /* vi2_project Watch App.app */;
			productType = "com.apple.product-type.application";
		};
/* End PBXNativeTarget section */

/* Begin PBXProject section */
		71A6BD262CCBF838008BB9C2 /* Project object */ = {
			isa = PBXProject;
			attributes = {
				BuildIndependentTargetsInParallel = 1;
				LastSwiftUpdateCheck = 1540;
				LastUpgradeCheck = 1540;
				TargetAttributes = {
					71A6BD2D2CCBF838008BB9C2 = {
						CreatedOnToolsVersion = 15.4;
					};
					71A6BD3D2CCBF839008BB9C2 = {
						CreatedOnToolsVersion = 15.4;
					};
				};
			};
			buildConfigurationList = 71A6BD292CCBF838008BB9C2 /* Build configuration list for PBXProject "vi2_project" */;
			compatibilityVersion = "Xcode 14.0";
			developmentRegion = en;
			hasScannedForEncodings = 0;
			knownRegions = (
				en,
				Base,
			);
			mainGroup = 71A6BD252CCBF838008BB9C2;
			productRefGroup = 71A6BD2F2CCBF838008BB9C2 /* Products */;
			projectDirPath = "";
			projectRoot = "";
			targets = (
				71A6BD2D2CCBF838008BB9C2 /* vi2_project */,
				71A6BD3D2CCBF839008BB9C2 /* vi2_project Watch App */,
			);
		};
/* End PBXProject section */

/* Begin PBXResourcesBuildPhase section */
		71A6BD2C2CCBF838008BB9C2 /* Resources */ = {
			isa = PBXResourcesBuildPhase;
			buildActionMask = 2147483647;
			files = (
				71A6BD392CCBF839008BB9C2 /* Preview Assets.xcassets in Resources */,
				71A6BD362CCBF839008BB9C2 /* Assets.xcassets in Resources */,
			);
			runOnlyForDeploymentPostprocessing = 0;
		};
		71A6BD3C2CCBF839008BB9C2 /* Resources */ = {
			isa = PBXResourcesBuildPhase;
			buildActionMask = 2147483647;
			files = (
				71A6BD4B2CCBF83A008BB9C2 /* Preview Assets.xcassets in Resources */,
				71A6BD482CCBF83A008BB9C2 /* Assets.xcassets in Resources */,
			);
			runOnlyForDeploymentPostprocessing = 0;
		};
/* End PBXResourcesBuildPhase section */

/* Begin PBXSourcesBuildPhase section */
		71A6BD2A2CCBF838008BB9C2 /* Sources */ = {
			isa = PBXSourcesBuildPhase;
			buildActionMask = 2147483647;
			files = (
				71A6BD342CCBF838008BB9C2 /* ContentView.swift in Sources */,
				71A6BD322CCBF838008BB9C2 /* vi2_projectApp.swift in Sources */,
			);
			runOnlyForDeploymentPostprocessing = 0;
		};
		71A6BD3A2CCBF839008BB9C2 /* Sources */ = {
			isa = PBXSourcesBuildPhase;
			buildActionMask = 2147483647;
			files = (
				71A6BD462CCBF839008BB9C2 /* ContentView.swift in Sources */,
				71A6BD442CCBF839008BB9C2 /* vi2_projectApp.swift in Sources */,
			);
			runOnlyForDeploymentPostprocessing = 0;
		};
/* End PBXSourcesBuildPhase section */

/* Begin PBXTargetDependency section */
		71A6BD412CCBF839008BB9C2 /* PBXTargetDependency */ = {
			isa = PBXTargetDependency;
			target = 71A6BD3D2CCBF839008BB9C2 /* vi2_project Watch App */;
			targetProxy = 71A6BD402CCBF839008BB9C2 /* PBXContainerItemProxy */;
		};
/* End PBXTargetDependency section */

/* Begin XCBuildConfiguration section */
		71A6BD4C2CCBF83A008BB9C2 /* Debug */ = {
			isa = XCBuildConfiguration;
			buildSettings = {
				ALWAYS_SEARCH_USER_PATHS = NO;
				ASSETCATALOG_COMPILER_GENERATE_SWIFT_ASSET_SYMBOL_EXTENSIONS = YES;
				CLANG_ANALYZER_NONNULL = YES;
				CLANG_ANALYZER_NUMBER_OBJECT_CONVERSION = YES_AGGRESSIVE;
				CLANG_CXX_LANGUAGE_STANDARD = "gnu++20";
				CLANG_ENABLE_MODULES = YES;
				CLANG_ENABLE_OBJC_ARC = YES;
				CLANG_ENABLE_OBJC_WEAK = YES;
				CLANG_WARN_BLOCK_CAPTURE_AUTORELEASING = YES;
				CLANG_WARN_BOOL_CONVERSION = YES;
				CLANG_WARN_COMMA = YES;
				CLANG_WARN_CONSTANT_CONVERSION = YES;
				CLANG_WARN_DEPRECATED_OBJC_IMPLEMENTATIONS = YES;
				CLANG_WARN_DIRECT_OBJC_ISA_USAGE = YES_ERROR;
				CLANG_WARN_DOCUMENTATION_COMMENTS = YES;
				CLANG_WARN_EMPTY_BODY = YES;
				CLANG_WARN_ENUM_CONVERSION = YES;
				CLANG_WARN_INFINITE_RECURSION = YES;
				CLANG_WARN_INT_CONVERSION = YES;
				CLANG_WARN_NON_LITERAL_NULL_CONVERSION = YES;
				CLANG_WARN_OBJC_IMPLICIT_RETAIN_SELF = YES;
				CLANG_WARN_OBJC_LITERAL_CONVERSION = YES;
				CLANG_WARN_OBJC_ROOT_CLASS = YES_ERROR;
				CLANG_WARN_QUOTED_INCLUDE_IN_FRAMEWORK_HEADER = YES;
				CLANG_WARN_RANGE_LOOP_ANALYSIS = YES;
				CLANG_WARN_STRICT_PROTOTYPES = YES;
				CLANG_WARN_SUSPICIOUS_MOVE = YES;
				CLANG_WARN_UNGUARDED_AVAILABILITY = YES_AGGRESSIVE;
				CLANG_WARN_UNREACHABLE_CODE = YES;
				CLANG_WARN__DUPLICATE_METHOD_MATCH = YES;
				COPY_PHASE_STRIP = NO;
				DEBUG_INFORMATION_FORMAT = dwarf;
				ENABLE_STRICT_OBJC_MSGSEND = YES;
				ENABLE_TESTABILITY = YES;
				ENABLE_USER_SCRIPT_SANDBOXING = YES;
				GCC_C_LANGUAGE_STANDARD = gnu17;
				GCC_DYNAMIC_NO_PIC = NO;
				GCC_NO_COMMON_BLOCKS = YES;
				GCC_OPTIMIZATION_LEVEL = 0;
				GCC_PREPROCESSOR_DEFINITIONS = (
					"DEBUG=1",
					"$(inherited)",
				);
				GCC_WARN_64_TO_32_BIT_CONVERSION = YES;
				GCC_WARN_ABOUT_RETURN_TYPE = YES_ERROR;
				GCC_WARN_UNDECLARED_SELECTOR = YES;
				GCC_WARN_UNINITIALIZED_AUTOS = YES_AGGRESSIVE;
				GCC_WARN_UNUSED_FUNCTION = YES;
				GCC_WARN_UNUSED_VARIABLE = YES;
				LOCALIZATION_PREFERS_STRING_CATALOGS = YES;
				MTL_ENABLE_DEBUG_INFO = INCLUDE_SOURCE;
				MTL_FAST_MATH = YES;
				ONLY_ACTIVE_ARCH = YES;
				SWIFT_ACTIVE_COMPILATION_CONDITIONS = "DEBUG $(inherited)";
				SWIFT_OPTIMIZATION_LEVEL = "-Onone";
			};
			name = Debug;
		};
		71A6BD4D2CCBF83A008BB9C2 /* Release */ = {
			isa = XCBuildConfiguration;
			buildSettings = {
				ALWAYS_SEARCH_USER_PATHS = NO;
				ASSETCATALOG_COMPILER_GENERATE_SWIFT_ASSET_SYMBOL_EXTENSIONS = YES;
				CLANG_ANALYZER_NONNULL = YES;
				CLANG_ANALYZER_NUMBER_OBJECT_CONVERSION = YES_AGGRESSIVE;
				CLANG_CXX_LANGUAGE_STANDARD = "gnu++20";
				CLANG_ENABLE_MODULES = YES;
				CLANG_ENABLE_OBJC_ARC = YES;
				CLANG_ENABLE_OBJC_WEAK = YES;
				CLANG_WARN_BLOCK_CAPTURE_AUTORELEASING = YES;
				CLANG_WARN_BOOL_CONVERSION = YES;
				CLANG_WARN_COMMA = YES;
				CLANG_WARN_CONSTANT_CONVERSION = YES;
				CLANG_WARN_DEPRECATED_OBJC_IMPLEMENTATIONS = YES;
				CLANG_WARN_DIRECT_OBJC_ISA_USAGE = YES_ERROR;
				CLANG_WARN_DOCUMENTATION_COMMENTS = YES;
				CLANG_WARN_EMPTY_BODY = YES;
				CLANG_WARN_ENUM_CONVERSION = YES;
				CLANG_WARN_INFINITE_RECURSION = YES;
				CLANG_WARN_INT_CONVERSION = YES;
				CLANG_WARN_NON_LITERAL_NULL_CONVERSION = YES;
				CLANG_WARN_OBJC_IMPLICIT_RETAIN_SELF = YES;
				CLANG_WARN_OBJC_LITERAL_CONVERSION = YES;
				CLANG_WARN_OBJC_ROOT_CLASS = YES_ERROR;
				CLANG_WARN_QUOTED_INCLUDE_IN_FRAMEWORK_HEADER = YES;
				CLANG_WARN_RANGE_LOOP_ANALYSIS = YES;
				CLANG_WARN_STRICT_PROTOTYPES = YES;
				CLANG_WARN_SUSPICIOUS_MOVE = YES;
				CLANG_WARN_UNGUARDED_AVAILABILITY = YES_AGGRESSIVE;
				CLANG_WARN_UNREACHABLE_CODE = YES;
				CLANG_WARN__DUPLICATE_METHOD_MATCH = YES;
				COPY_PHASE_STRIP = NO;
				DEBUG_INFORMATION_FORMAT = "dwarf-with-dsym";
				ENABLE_NS_ASSERTIONS = NO;
				ENABLE_STRICT_OBJC_MSGSEND = YES;
				ENABLE_USER_SCRIPT_SANDBOXING = YES;
				GCC_C_LANGUAGE_STANDARD = gnu17;
				GCC_NO_COMMON_BLOCKS = YES;
				GCC_WARN_64_TO_32_BIT_CONVERSION = YES;
				GCC_WARN_ABOUT_RETURN_TYPE = YES_ERROR;
				GCC_WARN_UNDECLARED_SELECTOR = YES;
				GCC_WARN_UNINITIALIZED_AUTOS = YES_AGGRESSIVE;
				GCC_WARN_UNUSED_FUNCTION = YES;
				GCC_WARN_UNUSED_VARIABLE = YES;
				LOCALIZATION_PREFERS_STRING_CATALOGS = YES;
				MTL_ENABLE_DEBUG_INFO = NO;
				MTL_FAST_MATH = YES;
				SWIFT_COMPILATION_MODE = wholemodule;
			};
			name = Release;
		};
		71A6BD4F2CCBF83A008BB9C2 /* Debug */ = {
			isa = XCBuildConfiguration;
			buildSettings = {
				ASSETCATALOG_COMPILER_APPICON_NAME = AppIcon;
				ASSETCATALOG_COMPILER_GLOBAL_ACCENT_COLOR_NAME = AccentColor;
				CODE_SIGN_STYLE = Automatic;
				CURRENT_PROJECT_VERSION = 1;
				DEVELOPMENT_ASSET_PATHS = "\"vi2_project Watch App/Preview Content\"";
				ENABLE_PREVIEWS = YES;
				GENERATE_INFOPLIST_FILE = YES;
				INFOPLIST_KEY_CFBundleDisplayName = vi2_project;
				INFOPLIST_KEY_UISupportedInterfaceOrientations = "UIInterfaceOrientationPortrait UIInterfaceOrientationPortraitUpsideDown";
				INFOPLIST_KEY_WKCompanionAppBundleIdentifier = "cz.mendelu.vi2-project";
				LD_RUNPATH_SEARCH_PATHS = (
					"$(inherited)",
					"@executable_path/Frameworks",
				);
				MARKETING_VERSION = 1.0;
				PRODUCT_BUNDLE_IDENTIFIER = "cz.mendelu.vi2-project.watchkitapp";
				PRODUCT_NAME = "$(TARGET_NAME)";
				SDKROOT = watchos;
				SKIP_INSTALL = YES;
				SWIFT_EMIT_LOC_STRINGS = YES;
				SWIFT_VERSION = 5.0;
				TARGETED_DEVICE_FAMILY = 4;
				WATCHOS_DEPLOYMENT_TARGET = 10.5;
			};
			name = Debug;
		};
		71A6BD502CCBF83A008BB9C2 /* Release */ = {
			isa = XCBuildConfiguration;
			buildSettings = {
				ASSETCATALOG_COMPILER_APPICON_NAME = AppIcon;
				ASSETCATALOG_COMPILER_GLOBAL_ACCENT_COLOR_NAME = AccentColor;
				CODE_SIGN_STYLE = Automatic;
				CURRENT_PROJECT_VERSION = 1;
				DEVELOPMENT_ASSET_PATHS = "\"vi2_project Watch App/Preview Content\"";
				ENABLE_PREVIEWS = YES;
				GENERATE_INFOPLIST_FILE = YES;
				INFOPLIST_KEY_CFBundleDisplayName = vi2_project;
				INFOPLIST_KEY_UISupportedInterfaceOrientations = "UIInterfaceOrientationPortrait UIInterfaceOrientationPortraitUpsideDown";
				INFOPLIST_KEY_WKCompanionAppBundleIdentifier = "cz.mendelu.vi2-project";
				LD_RUNPATH_SEARCH_PATHS = (
					"$(inherited)",
					"@executable_path/Frameworks",
				);
				MARKETING_VERSION = 1.0;
				PRODUCT_BUNDLE_IDENTIFIER = "cz.mendelu.vi2-project.watchkitapp";
				PRODUCT_NAME = "$(TARGET_NAME)";
				SDKROOT = watchos;
				SKIP_INSTALL = YES;
				SWIFT_EMIT_LOC_STRINGS = YES;
				SWIFT_VERSION = 5.0;
				TARGETED_DEVICE_FAMILY = 4;
				VALIDATE_PRODUCT = YES;
				WATCHOS_DEPLOYMENT_TARGET = 10.5;
			};
			name = Release;
		};
		71A6BD532CCBF83A008BB9C2 /* Debug */ = {
			isa = XCBuildConfiguration;
			buildSettings = {
				ALWAYS_EMBED_SWIFT_STANDARD_LIBRARIES = YES;
				ASSETCATALOG_COMPILER_APPICON_NAME = AppIcon;
				ASSETCATALOG_COMPILER_GLOBAL_ACCENT_COLOR_NAME = AccentColor;
				CODE_SIGN_STYLE = Automatic;
				CURRENT_PROJECT_VERSION = 1;
				DEVELOPMENT_ASSET_PATHS = "\"vi2_project/Preview Content\"";
				ENABLE_PREVIEWS = YES;
				GENERATE_INFOPLIST_FILE = YES;
				INFOPLIST_KEY_CFBundleDisplayName = vi2_project;
				INFOPLIST_KEY_UIApplicationSceneManifest_Generation = YES;
				INFOPLIST_KEY_UIApplicationSupportsIndirectInputEvents = YES;
				INFOPLIST_KEY_UILaunchScreen_Generation = YES;
				INFOPLIST_KEY_UISupportedInterfaceOrientations_iPad = "UIInterfaceOrientationPortrait UIInterfaceOrientationPortraitUpsideDown UIInterfaceOrientationLandscapeLeft UIInterfaceOrientationLandscapeRight";
				INFOPLIST_KEY_UISupportedInterfaceOrientations_iPhone = "UIInterfaceOrientationPortrait UIInterfaceOrientationLandscapeLeft UIInterfaceOrientationLandscapeRight";
				IPHONEOS_DEPLOYMENT_TARGET = 17.5;
				LD_RUNPATH_SEARCH_PATHS = (
					"$(inherited)",
					"@executable_path/Frameworks",
				);
				MARKETING_VERSION = 1.0;
				PRODUCT_BUNDLE_IDENTIFIER = "cz.mendelu.vi2-project";
				PRODUCT_NAME = "$(TARGET_NAME)";
				SDKROOT = iphoneos;
				SWIFT_EMIT_LOC_STRINGS = YES;
				SWIFT_VERSION = 5.0;
				TARGETED_DEVICE_FAMILY = "1,2";
			};
			name = Debug;
		};
		71A6BD542CCBF83A008BB9C2 /* Release */ = {
			isa = XCBuildConfiguration;
			buildSettings = {
				ALWAYS_EMBED_SWIFT_STANDARD_LIBRARIES = YES;
				ASSETCATALOG_COMPILER_APPICON_NAME = AppIcon;
				ASSETCATALOG_COMPILER_GLOBAL_ACCENT_COLOR_NAME = AccentColor;
				CODE_SIGN_STYLE = Automatic;
				CURRENT_PROJECT_VERSION = 1;
				DEVELOPMENT_ASSET_PATHS = "\"vi2_project/Preview Content\"";
				ENABLE_PREVIEWS = YES;
				GENERATE_INFOPLIST_FILE = YES;
				INFOPLIST_KEY_CFBundleDisplayName = vi2_project;
				INFOPLIST_KEY_UIApplicationSceneManifest_Generation = YES;
				INFOPLIST_KEY_UIApplicationSupportsIndirectInputEvents = YES;
				INFOPLIST_KEY_UILaunchScreen_Generation = YES;
				INFOPLIST_KEY_UISupportedInterfaceOrientations_iPad = "UIInterfaceOrientationPortrait UIInterfaceOrientationPortraitUpsideDown UIInterfaceOrientationLandscapeLeft UIInterfaceOrientationLandscapeRight";
				INFOPLIST_KEY_UISupportedInterfaceOrientations_iPhone = "UIInterfaceOrientationPortrait UIInterfaceOrientationLandscapeLeft UIInterfaceOrientationLandscapeRight";
				IPHONEOS_DEPLOYMENT_TARGET = 17.5;
				LD_RUNPATH_SEARCH_PATHS = (
					"$(inherited)",
					"@executable_path/Frameworks",
				);
				MARKETING_VERSION = 1.0;
				PRODUCT_BUNDLE_IDENTIFIER = "cz.mendelu.vi2-project";
				PRODUCT_NAME = "$(TARGET_NAME)";
				SDKROOT = iphoneos;
				SWIFT_EMIT_LOC_STRINGS = YES;
				SWIFT_VERSION = 5.0;
				TARGETED_DEVICE_FAMILY = "1,2";
				VALIDATE_PRODUCT = YES;
			};
			name = Release;
		};
/* End XCBuildConfiguration section */

/* Begin XCConfigurationList section */
		71A6BD292CCBF838008BB9C2 /* Build configuration list for PBXProject "vi2_project" */ = {
			isa = XCConfigurationList;
			buildConfigurations = (
				71A6BD4C2CCBF83A008BB9C2 /* Debug */,
				71A6BD4D2CCBF83A008BB9C2 /* Release */,
			);
			defaultConfigurationIsVisible = 0;
			defaultConfigurationName = Release;
		};
		71A6BD4E2CCBF83A008BB9C2 /* Build configuration list for PBXNativeTarget "vi2_project Watch App" */ = {
			isa = XCConfigurationList;
			buildConfigurations = (
				71A6BD4F2CCBF83A008BB9C2 /* Debug */,
				71A6BD502CCBF83A008BB9C2 /* Release */,
			);
			defaultConfigurationIsVisible = 0;
			defaultConfigurationName = Release;
		};
		71A6BD522CCBF83A008BB9C2 /* Build configuration list for PBXNativeTarget "vi2_project" */ = {
			isa = XCConfigurationList;
			buildConfigurations = (
				71A6BD532CCBF83A008BB9C2 /* Debug */,
				71A6BD542CCBF83A008BB9C2 /* Release */,
			);
			defaultConfigurationIsVisible = 0;
			defaultConfigurationName = Release;
		};
/* End XCConfigurationList section */
	};
	rootObject = 71A6BD262CCBF838008BB9C2 /* Project object */;
}
